{
  "nodes": {
    "nixpkgs": {
      "locked": {
        "lastModified": 1710272261,
        "narHash": "sha256-g0bDwXFmTE7uGDOs9HcJsfLFhH7fOsASbAuOzDC+fhQ=",
        "owner": "NixOS",
        "repo": "nixpkgs",
        "rev": "0ad13a6833440b8e238947e47bea7f11071dc2b2",
        "type": "github"
      },
      "original": {
        "owner": "NixOS",
        "ref": "nixos-unstable",
        "repo": "nixpkgs",
        "type": "github"
      }
    },
    "revealjs": {
      "flake": false,
      "locked": {
        "lastModified": 1710339359,
        "narHash": "sha256-ZL0r6xbB0AR9Go43cdlSgjWWkNeV0vrW17fhXl+rNJ0=",
        "owner": "hakimel",
        "repo": "reveal.js",
        "rev": "488c5c8f9427bc99199770dc927c2f1c79c1a468",
        "type": "github"
      },
      "original": {
        "owner": "hakimel",
        "repo": "reveal.js",
        "type": "github"
      }
    },
    "root": {
      "inputs": {
        "nixpkgs": "nixpkgs",
        "revealjs": "revealjs"
      }
    }
  },
  "root": "root",
  "version": 7
}
